// !$*UTF8*$!
{
	archiveVersion = 1;
	classes = {
	};
	objectVersion = 55;
	objects = {

/* Begin PBXBuildFile section */
		643FEFEC1BA991B2CC8FDAB0 /* Pods_wawaweewa.framework in Frameworks */ = {isa = PBXBuildFile; fileRef = 578CAD7E1B2A0AFB8AA6B644 /* Pods_wawaweewa.framework */; };
		7553EB8827862A140088650F /* IQKeyboardManagerSwift in Frameworks */ = {isa = PBXBuildFile; productRef = 7553EB8727862A140088650F /* IQKeyboardManagerSwift */; };
		75813AEC278B1FAD00917015 /* MessengerVC.swift in Sources */ = {isa = PBXBuildFile; fileRef = 75813AEB278B1FAD00917015 /* MessengerVC.swift */; };
		75813AEE278B276500917015 /* MessengerVM.swift in Sources */ = {isa = PBXBuildFile; fileRef = 75813AED278B276500917015 /* MessengerVM.swift */; };
		75813AF0278B28DC00917015 /* Message.swift in Sources */ = {isa = PBXBuildFile; fileRef = 75813AEF278B28DC00917015 /* Message.swift */; };
		75813AF4278B296600917015 /* YouCell.swift in Sources */ = {isa = PBXBuildFile; fileRef = 75813AF3278B296600917015 /* YouCell.swift */; };
		75813AF6278B298B00917015 /* RecievedCell.swift in Sources */ = {isa = PBXBuildFile; fileRef = 75813AF5278B298B00917015 /* RecievedCell.swift */; };
		7586CEDC2785CC8E000BCF4C /* AppDelegate.swift in Sources */ = {isa = PBXBuildFile; fileRef = 7586CEDB2785CC8E000BCF4C /* AppDelegate.swift */; };
		7586CEDE2785CC8E000BCF4C /* SceneDelegate.swift in Sources */ = {isa = PBXBuildFile; fileRef = 7586CEDD2785CC8E000BCF4C /* SceneDelegate.swift */; };
		7586CEE32785CC8E000BCF4C /* Main.storyboard in Resources */ = {isa = PBXBuildFile; fileRef = 7586CEE12785CC8E000BCF4C /* Main.storyboard */; };
		7586CEE52785CC90000BCF4C /* Assets.xcassets in Resources */ = {isa = PBXBuildFile; fileRef = 7586CEE42785CC90000BCF4C /* Assets.xcassets */; };
		7586CEE82785CC90000BCF4C /* LaunchScreen.storyboard in Resources */ = {isa = PBXBuildFile; fileRef = 7586CEE62785CC90000BCF4C /* LaunchScreen.storyboard */; };
		7586CEF02785D0D8000BCF4C /* LoginVC.swift in Sources */ = {isa = PBXBuildFile; fileRef = 7586CEEF2785D0D8000BCF4C /* LoginVC.swift */; };
		7586CEF32785D0FA000BCF4C /* RegisterVC.swift in Sources */ = {isa = PBXBuildFile; fileRef = 7586CEF22785D0FA000BCF4C /* RegisterVC.swift */; };
		7586CEF52785D109000BCF4C /* ForgotPasswordVC.swift in Sources */ = {isa = PBXBuildFile; fileRef = 7586CEF42785D109000BCF4C /* ForgotPasswordVC.swift */; };
		7586CEF72785D126000BCF4C /* MainChatVC.swift in Sources */ = {isa = PBXBuildFile; fileRef = 7586CEF62785D126000BCF4C /* MainChatVC.swift */; };
		7586CEFE2785D193000BCF4C /* MainChatVM.swift in Sources */ = {isa = PBXBuildFile; fileRef = 7586CEFD2785D193000BCF4C /* MainChatVM.swift */; };
		7586CF002785D1BE000BCF4C /* UIHelpers.swift in Sources */ = {isa = PBXBuildFile; fileRef = 7586CEFF2785D1BE000BCF4C /* UIHelpers.swift */; };
		7586CF022785D1C9000BCF4C /* UIExtensions.swift in Sources */ = {isa = PBXBuildFile; fileRef = 7586CF012785D1C9000BCF4C /* UIExtensions.swift */; };
		7586CF042785E7C6000BCF4C /* GoogleService-Info.plist in Resources */ = {isa = PBXBuildFile; fileRef = 7586CF032785E7C6000BCF4C /* GoogleService-Info.plist */; };
		7586CF072785E95C000BCF4C /* FirebaseAuth in Frameworks */ = {isa = PBXBuildFile; productRef = 7586CF062785E95C000BCF4C /* FirebaseAuth */; };
		7586CF092785E95C000BCF4C /* FirebaseFirestore in Frameworks */ = {isa = PBXBuildFile; productRef = 7586CF082785E95C000BCF4C /* FirebaseFirestore */; };
		7586CF0B2785E95C000BCF4C /* FirebaseMessaging in Frameworks */ = {isa = PBXBuildFile; productRef = 7586CF0A2785E95C000BCF4C /* FirebaseMessaging */; };
		7586CF0D2785E95C000BCF4C /* FirebaseStorage in Frameworks */ = {isa = PBXBuildFile; productRef = 7586CF0C2785E95C000BCF4C /* FirebaseStorage */; };
		7586CF0F2785E9F6000BCF4C /* User.swift in Sources */ = {isa = PBXBuildFile; fileRef = 7586CF0E2785E9F6000BCF4C /* User.swift */; };
		7586CF112785EA03000BCF4C /* Chat.swift in Sources */ = {isa = PBXBuildFile; fileRef = 7586CF102785EA03000BCF4C /* Chat.swift */; };
		7586CF132785F4A9000BCF4C /* LoginVM.swift in Sources */ = {isa = PBXBuildFile; fileRef = 7586CF122785F4A9000BCF4C /* LoginVM.swift */; };
		7586CF152785F4B8000BCF4C /* RegisterVM.swift in Sources */ = {isa = PBXBuildFile; fileRef = 7586CF142785F4B8000BCF4C /* RegisterVM.swift */; };
		7586CF182786026C000BCF4C /* JGProgressHUD in Frameworks */ = {isa = PBXBuildFile; productRef = 7586CF172786026C000BCF4C /* JGProgressHUD */; };
		7586CF1A27860E19000BCF4C /* FirestoreCollectionReference.swift in Sources */ = {isa = PBXBuildFile; fileRef = 7586CF1927860E19000BCF4C /* FirestoreCollectionReference.swift */; };
		7586CF1C27861C99000BCF4C /* Helpers.swift in Sources */ = {isa = PBXBuildFile; fileRef = 7586CF1B27861C98000BCF4C /* Helpers.swift */; };
		7586CF1E27862321000BCF4C /* CreateNewChatVC.swift in Sources */ = {isa = PBXBuildFile; fileRef = 7586CF1D27862321000BCF4C /* CreateNewChatVC.swift */; };
		B930CDC2278676BB00223703 /* chatCell.swift in Sources */ = {isa = PBXBuildFile; fileRef = B930CDC1278676BB00223703 /* chatCell.swift */; };
		B930CDC527867B6700223703 /* BottomSheetController in Frameworks */ = {isa = PBXBuildFile; productRef = B930CDC427867B6700223703 /* BottomSheetController */; };
		B930CDC827867D8D00223703 /* ChatMessengerVC.swift in Sources */ = {isa = PBXBuildFile; fileRef = B930CDC727867D8D00223703 /* ChatMessengerVC.swift */; };
/* End PBXBuildFile section */

/* Begin PBXFileReference section */
		0D28FA9DB0F2C75C63C24A11 /* Pods-wawaweewa.debug.xcconfig */ = {isa = PBXFileReference; includeInIndex = 1; lastKnownFileType = text.xcconfig; name = "Pods-wawaweewa.debug.xcconfig"; path = "Target Support Files/Pods-wawaweewa/Pods-wawaweewa.debug.xcconfig"; sourceTree = "<group>"; };
		42E48949A32D6882C5A003D2 /* Pods-wawaweewa.release.xcconfig */ = {isa = PBXFileReference; includeInIndex = 1; lastKnownFileType = text.xcconfig; name = "Pods-wawaweewa.release.xcconfig"; path = "Target Support Files/Pods-wawaweewa/Pods-wawaweewa.release.xcconfig"; sourceTree = "<group>"; };
		578CAD7E1B2A0AFB8AA6B644 /* Pods_wawaweewa.framework */ = {isa = PBXFileReference; explicitFileType = wrapper.framework; includeInIndex = 0; path = Pods_wawaweewa.framework; sourceTree = BUILT_PRODUCTS_DIR; };
		75813AEB278B1FAD00917015 /* MessengerVC.swift */ = {isa = PBXFileReference; lastKnownFileType = sourcecode.swift; path = MessengerVC.swift; sourceTree = "<group>"; };
		75813AED278B276500917015 /* MessengerVM.swift */ = {isa = PBXFileReference; lastKnownFileType = sourcecode.swift; path = MessengerVM.swift; sourceTree = "<group>"; };
		75813AEF278B28DC00917015 /* Message.swift */ = {isa = PBXFileReference; lastKnownFileType = sourcecode.swift; path = Message.swift; sourceTree = "<group>"; };
		75813AF3278B296600917015 /* YouCell.swift */ = {isa = PBXFileReference; lastKnownFileType = sourcecode.swift; path = YouCell.swift; sourceTree = "<group>"; };
		75813AF5278B298B00917015 /* RecievedCell.swift */ = {isa = PBXFileReference; lastKnownFileType = sourcecode.swift; path = RecievedCell.swift; sourceTree = "<group>"; };
		7586CED82785CC8E000BCF4C /* wawaweewa.app */ = {isa = PBXFileReference; explicitFileType = wrapper.application; includeInIndex = 0; path = wawaweewa.app; sourceTree = BUILT_PRODUCTS_DIR; };
		7586CEDB2785CC8E000BCF4C /* AppDelegate.swift */ = {isa = PBXFileReference; lastKnownFileType = sourcecode.swift; path = AppDelegate.swift; sourceTree = "<group>"; };
		7586CEDD2785CC8E000BCF4C /* SceneDelegate.swift */ = {isa = PBXFileReference; lastKnownFileType = sourcecode.swift; path = SceneDelegate.swift; sourceTree = "<group>"; };
		7586CEE22785CC8E000BCF4C /* Base */ = {isa = PBXFileReference; lastKnownFileType = file.storyboard; name = Base; path = Base.lproj/Main.storyboard; sourceTree = "<group>"; };
		7586CEE42785CC90000BCF4C /* Assets.xcassets */ = {isa = PBXFileReference; lastKnownFileType = folder.assetcatalog; path = Assets.xcassets; sourceTree = "<group>"; };
		7586CEE72785CC90000BCF4C /* Base */ = {isa = PBXFileReference; lastKnownFileType = file.storyboard; name = Base; path = Base.lproj/LaunchScreen.storyboard; sourceTree = "<group>"; };
		7586CEE92785CC90000BCF4C /* Info.plist */ = {isa = PBXFileReference; lastKnownFileType = text.plist.xml; path = Info.plist; sourceTree = "<group>"; };
		7586CEEF2785D0D8000BCF4C /* LoginVC.swift */ = {isa = PBXFileReference; lastKnownFileType = sourcecode.swift; path = LoginVC.swift; sourceTree = "<group>"; };
		7586CEF22785D0FA000BCF4C /* RegisterVC.swift */ = {isa = PBXFileReference; lastKnownFileType = sourcecode.swift; path = RegisterVC.swift; sourceTree = "<group>"; };
		7586CEF42785D109000BCF4C /* ForgotPasswordVC.swift */ = {isa = PBXFileReference; lastKnownFileType = sourcecode.swift; path = ForgotPasswordVC.swift; sourceTree = "<group>"; };
		7586CEF62785D126000BCF4C /* MainChatVC.swift */ = {isa = PBXFileReference; lastKnownFileType = sourcecode.swift; path = MainChatVC.swift; sourceTree = "<group>"; };
		7586CEFD2785D193000BCF4C /* MainChatVM.swift */ = {isa = PBXFileReference; lastKnownFileType = sourcecode.swift; path = MainChatVM.swift; sourceTree = "<group>"; };
		7586CEFF2785D1BE000BCF4C /* UIHelpers.swift */ = {isa = PBXFileReference; lastKnownFileType = sourcecode.swift; path = UIHelpers.swift; sourceTree = "<group>"; };
		7586CF012785D1C9000BCF4C /* UIExtensions.swift */ = {isa = PBXFileReference; lastKnownFileType = sourcecode.swift; path = UIExtensions.swift; sourceTree = "<group>"; };
		7586CF032785E7C6000BCF4C /* GoogleService-Info.plist */ = {isa = PBXFileReference; fileEncoding = 4; lastKnownFileType = text.plist.xml; path = "GoogleService-Info.plist"; sourceTree = "<group>"; };
		7586CF0E2785E9F6000BCF4C /* User.swift */ = {isa = PBXFileReference; lastKnownFileType = sourcecode.swift; path = User.swift; sourceTree = "<group>"; };
		7586CF102785EA03000BCF4C /* Chat.swift */ = {isa = PBXFileReference; lastKnownFileType = sourcecode.swift; path = Chat.swift; sourceTree = "<group>"; };
		7586CF122785F4A9000BCF4C /* LoginVM.swift */ = {isa = PBXFileReference; lastKnownFileType = sourcecode.swift; path = LoginVM.swift; sourceTree = "<group>"; };
		7586CF142785F4B8000BCF4C /* RegisterVM.swift */ = {isa = PBXFileReference; lastKnownFileType = sourcecode.swift; path = RegisterVM.swift; sourceTree = "<group>"; };
		7586CF1927860E19000BCF4C /* FirestoreCollectionReference.swift */ = {isa = PBXFileReference; lastKnownFileType = sourcecode.swift; path = FirestoreCollectionReference.swift; sourceTree = "<group>"; };
		7586CF1B27861C98000BCF4C /* Helpers.swift */ = {isa = PBXFileReference; lastKnownFileType = sourcecode.swift; path = Helpers.swift; sourceTree = "<group>"; };
		7586CF1D27862321000BCF4C /* CreateNewChatVC.swift */ = {isa = PBXFileReference; lastKnownFileType = sourcecode.swift; path = CreateNewChatVC.swift; sourceTree = "<group>"; };
		B930CDC1278676BB00223703 /* chatCell.swift */ = {isa = PBXFileReference; lastKnownFileType = sourcecode.swift; path = chatCell.swift; sourceTree = "<group>"; };
		B930CDC727867D8D00223703 /* ChatMessengerVC.swift */ = {isa = PBXFileReference; lastKnownFileType = sourcecode.swift; path = ChatMessengerVC.swift; sourceTree = "<group>"; };
		B9C4E114278B539A00162EA4 /* wawaweewa.entitlements */ = {isa = PBXFileReference; lastKnownFileType = text.plist.entitlements; path = wawaweewa.entitlements; sourceTree = "<group>"; };
/* End PBXFileReference section */

/* Begin PBXFrameworksBuildPhase section */
		7586CED52785CC8E000BCF4C /* Frameworks */ = {
			isa = PBXFrameworksBuildPhase;
			buildActionMask = 2147483647;
			files = (
				7586CF0B2785E95C000BCF4C /* FirebaseMessaging in Frameworks */,
				7586CF0D2785E95C000BCF4C /* FirebaseStorage in Frameworks */,
				7586CF072785E95C000BCF4C /* FirebaseAuth in Frameworks */,
				B930CDC527867B6700223703 /* BottomSheetController in Frameworks */,
				7586CF092785E95C000BCF4C /* FirebaseFirestore in Frameworks */,
				7586CF182786026C000BCF4C /* JGProgressHUD in Frameworks */,
				7553EB8827862A140088650F /* IQKeyboardManagerSwift in Frameworks */,
				643FEFEC1BA991B2CC8FDAB0 /* Pods_wawaweewa.framework in Frameworks */,
			);
			runOnlyForDeploymentPostprocessing = 0;
		};
/* End PBXFrameworksBuildPhase section */

/* Begin PBXGroup section */
		75813AF1278B28FF00917015 /* MessengerVCs */ = {
			isa = PBXGroup;
			children = (
				75813AF2278B292600917015 /* MessengerCells */,
				75813AEB278B1FAD00917015 /* MessengerVC.swift */,
				75813AED278B276500917015 /* MessengerVM.swift */,
			);
			path = MessengerVCs;
			sourceTree = "<group>";
		};
		75813AF2278B292600917015 /* MessengerCells */ = {
			isa = PBXGroup;
			children = (
				75813AF3278B296600917015 /* YouCell.swift */,
				75813AF5278B298B00917015 /* RecievedCell.swift */,
			);
			path = MessengerCells;
			sourceTree = "<group>";
		};
		7586CECF2785CC8E000BCF4C = {
			isa = PBXGroup;
			children = (
				7586CEDA2785CC8E000BCF4C /* wawaweewa */,
				7586CED92785CC8E000BCF4C /* Products */,
				76E6275BE0A088C7FBC72CB6 /* Pods */,
				ED7562CAB98C580747AF6F66 /* Frameworks */,
			);
			sourceTree = "<group>";
		};
		7586CED92785CC8E000BCF4C /* Products */ = {
			isa = PBXGroup;
			children = (
				7586CED82785CC8E000BCF4C /* wawaweewa.app */,
			);
			name = Products;
			sourceTree = "<group>";
		};
		7586CEDA2785CC8E000BCF4C /* wawaweewa */ = {
			isa = PBXGroup;
			children = (
				B9C4E114278B539A00162EA4 /* wawaweewa.entitlements */,
				7586CEFC2785D17A000BCF4C /* Helpers */,
				7586CEFB2785D16E000BCF4C /* Extensions */,
				7586CEFA2785D15B000BCF4C /* Models */,
				7586CEF12785D0DD000BCF4C /* VCs */,
				7586CEDB2785CC8E000BCF4C /* AppDelegate.swift */,
				7586CEDD2785CC8E000BCF4C /* SceneDelegate.swift */,
				7586CEE12785CC8E000BCF4C /* Main.storyboard */,
				7586CEE42785CC90000BCF4C /* Assets.xcassets */,
				7586CEE62785CC90000BCF4C /* LaunchScreen.storyboard */,
				7586CEE92785CC90000BCF4C /* Info.plist */,
				7586CF032785E7C6000BCF4C /* GoogleService-Info.plist */,
			);
			path = wawaweewa;
			sourceTree = "<group>";
		};
		7586CEF12785D0DD000BCF4C /* VCs */ = {
			isa = PBXGroup;
			children = (
				7586CEF92785D14D000BCF4C /* ChatVCs */,
				7586CEF82785D13B000BCF4C /* AuthVCs */,
			);
			path = VCs;
			sourceTree = "<group>";
		};
		7586CEF82785D13B000BCF4C /* AuthVCs */ = {
			isa = PBXGroup;
			children = (
				7586CEEF2785D0D8000BCF4C /* LoginVC.swift */,
				7586CF122785F4A9000BCF4C /* LoginVM.swift */,
				7586CEF22785D0FA000BCF4C /* RegisterVC.swift */,
				7586CF142785F4B8000BCF4C /* RegisterVM.swift */,
				7586CEF42785D109000BCF4C /* ForgotPasswordVC.swift */,
			);
			path = AuthVCs;
			sourceTree = "<group>";
		};
		7586CEF92785D14D000BCF4C /* ChatVCs */ = {
			isa = PBXGroup;
			children = (
				75813AF1278B28FF00917015 /* MessengerVCs */,
				B930CDBF2786769A00223703 /* ChatCells */,
				7586CEF62785D126000BCF4C /* MainChatVC.swift */,
				7586CEFD2785D193000BCF4C /* MainChatVM.swift */,
				7586CF1D27862321000BCF4C /* CreateNewChatVC.swift */,
				B930CDC727867D8D00223703 /* ChatMessengerVC.swift */,
			);
			path = ChatVCs;
			sourceTree = "<group>";
		};
		7586CEFA2785D15B000BCF4C /* Models */ = {
			isa = PBXGroup;
			children = (
				7586CF0E2785E9F6000BCF4C /* User.swift */,
				7586CF102785EA03000BCF4C /* Chat.swift */,
				75813AEF278B28DC00917015 /* Message.swift */,
			);
			path = Models;
			sourceTree = "<group>";
		};
		7586CEFB2785D16E000BCF4C /* Extensions */ = {
			isa = PBXGroup;
			children = (
				7586CF012785D1C9000BCF4C /* UIExtensions.swift */,
				7586CF1B27861C98000BCF4C /* Helpers.swift */,
			);
			path = Extensions;
			sourceTree = "<group>";
		};
		7586CEFC2785D17A000BCF4C /* Helpers */ = {
			isa = PBXGroup;
			children = (
				7586CEFF2785D1BE000BCF4C /* UIHelpers.swift */,
				7586CF1927860E19000BCF4C /* FirestoreCollectionReference.swift */,
			);
			path = Helpers;
			sourceTree = "<group>";
		};
		76E6275BE0A088C7FBC72CB6 /* Pods */ = {
			isa = PBXGroup;
			children = (
				0D28FA9DB0F2C75C63C24A11 /* Pods-wawaweewa.debug.xcconfig */,
				42E48949A32D6882C5A003D2 /* Pods-wawaweewa.release.xcconfig */,
			);
			path = Pods;
			sourceTree = "<group>";
		};
		B930CDBF2786769A00223703 /* ChatCells */ = {
			isa = PBXGroup;
			children = (
				B930CDC1278676BB00223703 /* chatCell.swift */,
			);
			path = ChatCells;
			sourceTree = "<group>";
		};
		ED7562CAB98C580747AF6F66 /* Frameworks */ = {
			isa = PBXGroup;
			children = (
				578CAD7E1B2A0AFB8AA6B644 /* Pods_wawaweewa.framework */,
			);
			name = Frameworks;
			sourceTree = "<group>";
		};
/* End PBXGroup section */

/* Begin PBXNativeTarget section */
		7586CED72785CC8E000BCF4C /* wawaweewa */ = {
			isa = PBXNativeTarget;
			buildConfigurationList = 7586CEEC2785CC90000BCF4C /* Build configuration list for PBXNativeTarget "wawaweewa" */;
			buildPhases = (
				12D803CCB72D4C938F69C0AE /* [CP] Check Pods Manifest.lock */,
				7586CED42785CC8E000BCF4C /* Sources */,
				7586CED52785CC8E000BCF4C /* Frameworks */,
				7586CED62785CC8E000BCF4C /* Resources */,
				B9061C1F31CE2647244E5AE6 /* [CP] Embed Pods Frameworks */,
			);
			buildRules = (
			);
			dependencies = (
			);
			name = wawaweewa;
			packageProductDependencies = (
				7586CF062785E95C000BCF4C /* FirebaseAuth */,
				7586CF082785E95C000BCF4C /* FirebaseFirestore */,
				7586CF0A2785E95C000BCF4C /* FirebaseMessaging */,
				7586CF0C2785E95C000BCF4C /* FirebaseStorage */,
				7586CF172786026C000BCF4C /* JGProgressHUD */,
				7553EB8727862A140088650F /* IQKeyboardManagerSwift */,
				B930CDC427867B6700223703 /* BottomSheetController */,
			);
			productName = wawaweewa;
			productReference = 7586CED82785CC8E000BCF4C /* wawaweewa.app */;
			productType = "com.apple.product-type.application";
		};
/* End PBXNativeTarget section */

/* Begin PBXProject section */
		7586CED02785CC8E000BCF4C /* Project object */ = {
			isa = PBXProject;
			attributes = {
				BuildIndependentTargetsInParallel = 1;
				LastSwiftUpdateCheck = 1320;
				LastUpgradeCheck = 1320;
				TargetAttributes = {
					7586CED72785CC8E000BCF4C = {
						CreatedOnToolsVersion = 13.2.1;
					};
				};
			};
			buildConfigurationList = 7586CED32785CC8E000BCF4C /* Build configuration list for PBXProject "wawaweewa" */;
			compatibilityVersion = "Xcode 13.0";
			developmentRegion = en;
			hasScannedForEncodings = 0;
			knownRegions = (
				en,
				Base,
			);
			mainGroup = 7586CECF2785CC8E000BCF4C;
			packageReferences = (
				7586CF052785E95C000BCF4C /* XCRemoteSwiftPackageReference "firebase-ios-sdk" */,
				7586CF162786026B000BCF4C /* XCRemoteSwiftPackageReference "JGProgressHUD" */,
				7553EB8627862A130088650F /* XCRemoteSwiftPackageReference "IQKeyboardManager" */,
				B930CDC327867B6700223703 /* XCRemoteSwiftPackageReference "BottomSheetController" */,
			);
			productRefGroup = 7586CED92785CC8E000BCF4C /* Products */;
			projectDirPath = "";
			projectRoot = "";
			targets = (
				7586CED72785CC8E000BCF4C /* wawaweewa */,
			);
		};
/* End PBXProject section */

/* Begin PBXResourcesBuildPhase section */
		7586CED62785CC8E000BCF4C /* Resources */ = {
			isa = PBXResourcesBuildPhase;
			buildActionMask = 2147483647;
			files = (
				7586CEE82785CC90000BCF4C /* LaunchScreen.storyboard in Resources */,
				7586CF042785E7C6000BCF4C /* GoogleService-Info.plist in Resources */,
				7586CEE52785CC90000BCF4C /* Assets.xcassets in Resources */,
				7586CEE32785CC8E000BCF4C /* Main.storyboard in Resources */,
			);
			runOnlyForDeploymentPostprocessing = 0;
		};
/* End PBXResourcesBuildPhase section */

/* Begin PBXShellScriptBuildPhase section */
		12D803CCB72D4C938F69C0AE /* [CP] Check Pods Manifest.lock */ = {
			isa = PBXShellScriptBuildPhase;
			buildActionMask = 2147483647;
			files = (
			);
			inputFileListPaths = (
			);
			inputPaths = (
				"${PODS_PODFILE_DIR_PATH}/Podfile.lock",
				"${PODS_ROOT}/Manifest.lock",
			);
			name = "[CP] Check Pods Manifest.lock";
			outputFileListPaths = (
			);
			outputPaths = (
				"$(DERIVED_FILE_DIR)/Pods-wawaweewa-checkManifestLockResult.txt",
			);
			runOnlyForDeploymentPostprocessing = 0;
			shellPath = /bin/sh;
			shellScript = "diff \"${PODS_PODFILE_DIR_PATH}/Podfile.lock\" \"${PODS_ROOT}/Manifest.lock\" > /dev/null\nif [ $? != 0 ] ; then\n    # print error to STDERR\n    echo \"error: The sandbox is not in sync with the Podfile.lock. Run 'pod install' or update your CocoaPods installation.\" >&2\n    exit 1\nfi\n# This output is used by Xcode 'outputs' to avoid re-running this script phase.\necho \"SUCCESS\" > \"${SCRIPT_OUTPUT_FILE_0}\"\n";
			showEnvVarsInLog = 0;
		};
		B9061C1F31CE2647244E5AE6 /* [CP] Embed Pods Frameworks */ = {
			isa = PBXShellScriptBuildPhase;
			buildActionMask = 2147483647;
			files = (
			);
			inputFileListPaths = (
				"${PODS_ROOT}/Target Support Files/Pods-wawaweewa/Pods-wawaweewa-frameworks-${CONFIGURATION}-input-files.xcfilelist",
			);
			name = "[CP] Embed Pods Frameworks";
			outputFileListPaths = (
				"${PODS_ROOT}/Target Support Files/Pods-wawaweewa/Pods-wawaweewa-frameworks-${CONFIGURATION}-output-files.xcfilelist",
			);
			runOnlyForDeploymentPostprocessing = 0;
			shellPath = /bin/sh;
			shellScript = "\"${PODS_ROOT}/Target Support Files/Pods-wawaweewa/Pods-wawaweewa-frameworks.sh\"\n";
			showEnvVarsInLog = 0;
		};
/* End PBXShellScriptBuildPhase section */

/* Begin PBXSourcesBuildPhase section */
		7586CED42785CC8E000BCF4C /* Sources */ = {
			isa = PBXSourcesBuildPhase;
			buildActionMask = 2147483647;
			files = (
				75813AEE278B276500917015 /* MessengerVM.swift in Sources */,
				7586CEFE2785D193000BCF4C /* MainChatVM.swift in Sources */,
				7586CEDC2785CC8E000BCF4C /* AppDelegate.swift in Sources */,
				7586CEF72785D126000BCF4C /* MainChatVC.swift in Sources */,
				7586CF022785D1C9000BCF4C /* UIExtensions.swift in Sources */,
				7586CF002785D1BE000BCF4C /* UIHelpers.swift in Sources */,
				75813AF0278B28DC00917015 /* Message.swift in Sources */,
				75813AF6278B298B00917015 /* RecievedCell.swift in Sources */,
				7586CEF32785D0FA000BCF4C /* RegisterVC.swift in Sources */,
				7586CF112785EA03000BCF4C /* Chat.swift in Sources */,
				7586CF1E27862321000BCF4C /* CreateNewChatVC.swift in Sources */,
				7586CF1A27860E19000BCF4C /* FirestoreCollectionReference.swift in Sources */,
				7586CEDE2785CC8E000BCF4C /* SceneDelegate.swift in Sources */,
				7586CF132785F4A9000BCF4C /* LoginVM.swift in Sources */,
				7586CF152785F4B8000BCF4C /* RegisterVM.swift in Sources */,
				7586CEF02785D0D8000BCF4C /* LoginVC.swift in Sources */,
				7586CF0F2785E9F6000BCF4C /* User.swift in Sources */,
				B930CDC2278676BB00223703 /* chatCell.swift in Sources */,
				7586CF1C27861C99000BCF4C /* Helpers.swift in Sources */,
				B930CDC827867D8D00223703 /* ChatMessengerVC.swift in Sources */,
				75813AF4278B296600917015 /* YouCell.swift in Sources */,
				75813AEC278B1FAD00917015 /* MessengerVC.swift in Sources */,
				7586CEF52785D109000BCF4C /* ForgotPasswordVC.swift in Sources */,
			);
			runOnlyForDeploymentPostprocessing = 0;
		};
/* End PBXSourcesBuildPhase section */

/* Begin PBXVariantGroup section */
		7586CEE12785CC8E000BCF4C /* Main.storyboard */ = {
			isa = PBXVariantGroup;
			children = (
				7586CEE22785CC8E000BCF4C /* Base */,
			);
			name = Main.storyboard;
			sourceTree = "<group>";
		};
		7586CEE62785CC90000BCF4C /* LaunchScreen.storyboard */ = {
			isa = PBXVariantGroup;
			children = (
				7586CEE72785CC90000BCF4C /* Base */,
			);
			name = LaunchScreen.storyboard;
			sourceTree = "<group>";
		};
/* End PBXVariantGroup section */

/* Begin XCBuildConfiguration section */
		7586CEEA2785CC90000BCF4C /* Debug */ = {
			isa = XCBuildConfiguration;
			buildSettings = {
				ALWAYS_SEARCH_USER_PATHS = NO;
				CLANG_ANALYZER_NONNULL = YES;
				CLANG_ANALYZER_NUMBER_OBJECT_CONVERSION = YES_AGGRESSIVE;
				CLANG_CXX_LANGUAGE_STANDARD = "gnu++17";
				CLANG_CXX_LIBRARY = "libc++";
				CLANG_ENABLE_MODULES = YES;
				CLANG_ENABLE_OBJC_ARC = YES;
				CLANG_ENABLE_OBJC_WEAK = YES;
				CLANG_WARN_BLOCK_CAPTURE_AUTORELEASING = YES;
				CLANG_WARN_BOOL_CONVERSION = YES;
				CLANG_WARN_COMMA = YES;
				CLANG_WARN_CONSTANT_CONVERSION = YES;
				CLANG_WARN_DEPRECATED_OBJC_IMPLEMENTATIONS = YES;
				CLANG_WARN_DIRECT_OBJC_ISA_USAGE = YES_ERROR;
				CLANG_WARN_DOCUMENTATION_COMMENTS = YES;
				CLANG_WARN_EMPTY_BODY = YES;
				CLANG_WARN_ENUM_CONVERSION = YES;
				CLANG_WARN_INFINITE_RECURSION = YES;
				CLANG_WARN_INT_CONVERSION = YES;
				CLANG_WARN_NON_LITERAL_NULL_CONVERSION = YES;
				CLANG_WARN_OBJC_IMPLICIT_RETAIN_SELF = YES;
				CLANG_WARN_OBJC_LITERAL_CONVERSION = YES;
				CLANG_WARN_OBJC_ROOT_CLASS = YES_ERROR;
				CLANG_WARN_QUOTED_INCLUDE_IN_FRAMEWORK_HEADER = YES;
				CLANG_WARN_RANGE_LOOP_ANALYSIS = YES;
				CLANG_WARN_STRICT_PROTOTYPES = YES;
				CLANG_WARN_SUSPICIOUS_MOVE = YES;
				CLANG_WARN_UNGUARDED_AVAILABILITY = YES_AGGRESSIVE;
				CLANG_WARN_UNREACHABLE_CODE = YES;
				CLANG_WARN__DUPLICATE_METHOD_MATCH = YES;
				COPY_PHASE_STRIP = NO;
				DEBUG_INFORMATION_FORMAT = dwarf;
				ENABLE_STRICT_OBJC_MSGSEND = YES;
				ENABLE_TESTABILITY = YES;
				GCC_C_LANGUAGE_STANDARD = gnu11;
				GCC_DYNAMIC_NO_PIC = NO;
				GCC_NO_COMMON_BLOCKS = YES;
				GCC_OPTIMIZATION_LEVEL = 0;
				GCC_PREPROCESSOR_DEFINITIONS = (
					"DEBUG=1",
					"$(inherited)",
				);
				GCC_WARN_64_TO_32_BIT_CONVERSION = YES;
				GCC_WARN_ABOUT_RETURN_TYPE = YES_ERROR;
				GCC_WARN_UNDECLARED_SELECTOR = YES;
				GCC_WARN_UNINITIALIZED_AUTOS = YES_AGGRESSIVE;
				GCC_WARN_UNUSED_FUNCTION = YES;
				GCC_WARN_UNUSED_VARIABLE = YES;
				IPHONEOS_DEPLOYMENT_TARGET = 15.2;
				MTL_ENABLE_DEBUG_INFO = INCLUDE_SOURCE;
				MTL_FAST_MATH = YES;
				ONLY_ACTIVE_ARCH = YES;
				SDKROOT = iphoneos;
				SWIFT_ACTIVE_COMPILATION_CONDITIONS = DEBUG;
				SWIFT_OPTIMIZATION_LEVEL = "-Onone";
			};
			name = Debug;
		};
		7586CEEB2785CC90000BCF4C /* Release */ = {
			isa = XCBuildConfiguration;
			buildSettings = {
				ALWAYS_SEARCH_USER_PATHS = NO;
				CLANG_ANALYZER_NONNULL = YES;
				CLANG_ANALYZER_NUMBER_OBJECT_CONVERSION = YES_AGGRESSIVE;
				CLANG_CXX_LANGUAGE_STANDARD = "gnu++17";
				CLANG_CXX_LIBRARY = "libc++";
				CLANG_ENABLE_MODULES = YES;
				CLANG_ENABLE_OBJC_ARC = YES;
				CLANG_ENABLE_OBJC_WEAK = YES;
				CLANG_WARN_BLOCK_CAPTURE_AUTORELEASING = YES;
				CLANG_WARN_BOOL_CONVERSION = YES;
				CLANG_WARN_COMMA = YES;
				CLANG_WARN_CONSTANT_CONVERSION = YES;
				CLANG_WARN_DEPRECATED_OBJC_IMPLEMENTATIONS = YES;
				CLANG_WARN_DIRECT_OBJC_ISA_USAGE = YES_ERROR;
				CLANG_WARN_DOCUMENTATION_COMMENTS = YES;
				CLANG_WARN_EMPTY_BODY = YES;
				CLANG_WARN_ENUM_CONVERSION = YES;
				CLANG_WARN_INFINITE_RECURSION = YES;
				CLANG_WARN_INT_CONVERSION = YES;
				CLANG_WARN_NON_LITERAL_NULL_CONVERSION = YES;
				CLANG_WARN_OBJC_IMPLICIT_RETAIN_SELF = YES;
				CLANG_WARN_OBJC_LITERAL_CONVERSION = YES;
				CLANG_WARN_OBJC_ROOT_CLASS = YES_ERROR;
				CLANG_WARN_QUOTED_INCLUDE_IN_FRAMEWORK_HEADER = YES;
				CLANG_WARN_RANGE_LOOP_ANALYSIS = YES;
				CLANG_WARN_STRICT_PROTOTYPES = YES;
				CLANG_WARN_SUSPICIOUS_MOVE = YES;
				CLANG_WARN_UNGUARDED_AVAILABILITY = YES_AGGRESSIVE;
				CLANG_WARN_UNREACHABLE_CODE = YES;
				CLANG_WARN__DUPLICATE_METHOD_MATCH = YES;
				COPY_PHASE_STRIP = NO;
				DEBUG_INFORMATION_FORMAT = "dwarf-with-dsym";
				ENABLE_NS_ASSERTIONS = NO;
				ENABLE_STRICT_OBJC_MSGSEND = YES;
				GCC_C_LANGUAGE_STANDARD = gnu11;
				GCC_NO_COMMON_BLOCKS = YES;
				GCC_WARN_64_TO_32_BIT_CONVERSION = YES;
				GCC_WARN_ABOUT_RETURN_TYPE = YES_ERROR;
				GCC_WARN_UNDECLARED_SELECTOR = YES;
				GCC_WARN_UNINITIALIZED_AUTOS = YES_AGGRESSIVE;
				GCC_WARN_UNUSED_FUNCTION = YES;
				GCC_WARN_UNUSED_VARIABLE = YES;
				IPHONEOS_DEPLOYMENT_TARGET = 15.2;
				MTL_ENABLE_DEBUG_INFO = NO;
				MTL_FAST_MATH = YES;
				SDKROOT = iphoneos;
				SWIFT_COMPILATION_MODE = wholemodule;
				SWIFT_OPTIMIZATION_LEVEL = "-O";
				VALIDATE_PRODUCT = YES;
			};
			name = Release;
		};
		7586CEED2785CC90000BCF4C /* Debug */ = {
			isa = XCBuildConfiguration;
			baseConfigurationReference = 0D28FA9DB0F2C75C63C24A11 /* Pods-wawaweewa.debug.xcconfig */;
			buildSettings = {
				ASSETCATALOG_COMPILER_APPICON_NAME = AppIcon;
				ASSETCATALOG_COMPILER_GLOBAL_ACCENT_COLOR_NAME = AccentColor;
				CODE_SIGN_ENTITLEMENTS = wawaweewa/wawaweewa.entitlements;
				CODE_SIGN_STYLE = Automatic;
				CURRENT_PROJECT_VERSION = 1;
				DEVELOPMENT_TEAM = QD7FMVCLYT;
				GENERATE_INFOPLIST_FILE = YES;
				INFOPLIST_FILE = wawaweewa/Info.plist;
				INFOPLIST_KEY_UIApplicationSupportsIndirectInputEvents = YES;
				INFOPLIST_KEY_UILaunchStoryboardName = LaunchScreen;
				INFOPLIST_KEY_UIMainStoryboardFile = Main;
				INFOPLIST_KEY_UISupportedInterfaceOrientations_iPad = "UIInterfaceOrientationPortrait UIInterfaceOrientationPortraitUpsideDown UIInterfaceOrientationLandscapeLeft UIInterfaceOrientationLandscapeRight";
				INFOPLIST_KEY_UISupportedInterfaceOrientations_iPhone = "UIInterfaceOrientationPortrait UIInterfaceOrientationLandscapeLeft UIInterfaceOrientationLandscapeRight";
				IPHONEOS_DEPLOYMENT_TARGET = 15.0;
				LD_RUNPATH_SEARCH_PATHS = (
					"$(inherited)",
					"@executable_path/Frameworks",
				);
				MARKETING_VERSION = 1.0;
				PRODUCT_BUNDLE_IDENTIFIER = com.KarlMcGeough.wawaweewa;
				PRODUCT_NAME = "$(TARGET_NAME)";
				SWIFT_EMIT_LOC_STRINGS = YES;
				SWIFT_VERSION = 5.0;
				TARGETED_DEVICE_FAMILY = 1;
			};
			name = Debug;
		};
		7586CEEE2785CC90000BCF4C /* Release */ = {
			isa = XCBuildConfiguration;
			baseConfigurationReference = 42E48949A32D6882C5A003D2 /* Pods-wawaweewa.release.xcconfig */;
			buildSettings = {
				ASSETCATALOG_COMPILER_APPICON_NAME = AppIcon;
				ASSETCATALOG_COMPILER_GLOBAL_ACCENT_COLOR_NAME = AccentColor;
				CODE_SIGN_ENTITLEMENTS = wawaweewa/wawaweewa.entitlements;
				CODE_SIGN_STYLE = Automatic;
				CURRENT_PROJECT_VERSION = 1;
				DEVELOPMENT_TEAM = QD7FMVCLYT;
				GENERATE_INFOPLIST_FILE = YES;
				INFOPLIST_FILE = wawaweewa/Info.plist;
				INFOPLIST_KEY_UIApplicationSupportsIndirectInputEvents = YES;
				INFOPLIST_KEY_UILaunchStoryboardName = LaunchScreen;
				INFOPLIST_KEY_UIMainStoryboardFile = Main;
				INFOPLIST_KEY_UISupportedInterfaceOrientations_iPad = "UIInterfaceOrientationPortrait UIInterfaceOrientationPortraitUpsideDown UIInterfaceOrientationLandscapeLeft UIInterfaceOrientationLandscapeRight";
				INFOPLIST_KEY_UISupportedInterfaceOrientations_iPhone = "UIInterfaceOrientationPortrait UIInterfaceOrientationLandscapeLeft UIInterfaceOrientationLandscapeRight";
				IPHONEOS_DEPLOYMENT_TARGET = 15.0;
				LD_RUNPATH_SEARCH_PATHS = (
					"$(inherited)",
					"@executable_path/Frameworks",
				);
				MARKETING_VERSION = 1.0;
				PRODUCT_BUNDLE_IDENTIFIER = com.KarlMcGeough.wawaweewa;
				PRODUCT_NAME = "$(TARGET_NAME)";
				SWIFT_EMIT_LOC_STRINGS = YES;
				SWIFT_VERSION = 5.0;
				TARGETED_DEVICE_FAMILY = 1;
			};
			name = Release;
		};
/* End XCBuildConfiguration section */

/* Begin XCConfigurationList section */
		7586CED32785CC8E000BCF4C /* Build configuration list for PBXProject "wawaweewa" */ = {
			isa = XCConfigurationList;
			buildConfigurations = (
				7586CEEA2785CC90000BCF4C /* Debug */,
				7586CEEB2785CC90000BCF4C /* Release */,
			);
			defaultConfigurationIsVisible = 0;
			defaultConfigurationName = Release;
		};
		7586CEEC2785CC90000BCF4C /* Build configuration list for PBXNativeTarget "wawaweewa" */ = {
			isa = XCConfigurationList;
			buildConfigurations = (
				7586CEED2785CC90000BCF4C /* Debug */,
				7586CEEE2785CC90000BCF4C /* Release */,
			);
			defaultConfigurationIsVisible = 0;
			defaultConfigurationName = Release;
		};
/* End XCConfigurationList section */

/* Begin XCRemoteSwiftPackageReference section */
		7553EB8627862A130088650F /* XCRemoteSwiftPackageReference "IQKeyboardManager" */ = {
			isa = XCRemoteSwiftPackageReference;
			repositoryURL = "https://github.com/hackiftekhar/IQKeyboardManager.git";
			requirement = {
				kind = upToNextMajorVersion;
				minimumVersion = 6.0.0;
			};
		};
		7586CF052785E95C000BCF4C /* XCRemoteSwiftPackageReference "firebase-ios-sdk" */ = {
			isa = XCRemoteSwiftPackageReference;
			repositoryURL = "https://github.com/firebase/firebase-ios-sdk";
			requirement = {
				kind = upToNextMajorVersion;
				minimumVersion = 8.0.0;
			};
		};
		7586CF162786026B000BCF4C /* XCRemoteSwiftPackageReference "JGProgressHUD" */ = {
			isa = XCRemoteSwiftPackageReference;
			repositoryURL = "https://github.com/JonasGessner/JGProgressHUD.git";
			requirement = {
				kind = upToNextMajorVersion;
				minimumVersion = 2.0.0;
			};
		};
		B930CDC327867B6700223703 /* XCRemoteSwiftPackageReference "BottomSheetController" */ = {
			isa = XCRemoteSwiftPackageReference;
			repositoryURL = "https://github.com/naru-jpn/BottomSheetController";
			requirement = {
				branch = main;
				kind = branch;
			};
		};
/* End XCRemoteSwiftPackageReference section */

/* Begin XCSwiftPackageProductDependency section */
		7553EB8727862A140088650F /* IQKeyboardManagerSwift */ = {
			isa = XCSwiftPackageProductDependency;
			package = 7553EB8627862A130088650F /* XCRemoteSwiftPackageReference "IQKeyboardManager" */;
			productName = IQKeyboardManagerSwift;
		};
		7586CF062785E95C000BCF4C /* FirebaseAuth */ = {
			isa = XCSwiftPackageProductDependency;
			package = 7586CF052785E95C000BCF4C /* XCRemoteSwiftPackageReference "firebase-ios-sdk" */;
			productName = FirebaseAuth;
		};
		7586CF082785E95C000BCF4C /* FirebaseFirestore */ = {
			isa = XCSwiftPackageProductDependency;
			package = 7586CF052785E95C000BCF4C /* XCRemoteSwiftPackageReference "firebase-ios-sdk" */;
			productName = FirebaseFirestore;
		};
		7586CF0A2785E95C000BCF4C /* FirebaseMessaging */ = {
			isa = XCSwiftPackageProductDependency;
			package = 7586CF052785E95C000BCF4C /* XCRemoteSwiftPackageReference "firebase-ios-sdk" */;
			productName = FirebaseMessaging;
		};
		7586CF0C2785E95C000BCF4C /* FirebaseStorage */ = {
			isa = XCSwiftPackageProductDependency;
			package = 7586CF052785E95C000BCF4C /* XCRemoteSwiftPackageReference "firebase-ios-sdk" */;
			productName = FirebaseStorage;
		};
		7586CF172786026C000BCF4C /* JGProgressHUD */ = {
			isa = XCSwiftPackageProductDependency;
			package = 7586CF162786026B000BCF4C /* XCRemoteSwiftPackageReference "JGProgressHUD" */;
			productName = JGProgressHUD;
		};
		B930CDC427867B6700223703 /* BottomSheetController */ = {
			isa = XCSwiftPackageProductDependency;
			package = B930CDC327867B6700223703 /* XCRemoteSwiftPackageReference "BottomSheetController" */;
			productName = BottomSheetController;
		};
/* End XCSwiftPackageProductDependency section */
	};
	rootObject = 7586CED02785CC8E000BCF4C /* Project object */;
}
